github.com/aohorodnyk/mimeheader v0.0.5 h1:ihyd+t1FH4xBY/b3pxDiRkjnV9gRqv/j58z+PTNWiHQ=
github.com/aohorodnyk/mimeheader v0.0.5/go.mod h1:/Gd3t3vszyZYwjNJo2qDxoftZjjVzMdkQZxkiINp3vM=
github.com/bcmk/telegram-bot-api v1.0.1-0.20200926205526-fa6e30cde1b9 h1:Gp3AgtYGbEr6hrqkNm2aWGDAvv6XQ5TDrppitOVZq/4=
github.com/bcmk/telegram-bot-api v1.0.1-0.20200926205526-fa6e30cde1b9/go.mod h1:9o2m8QCMOqM9pn6nqU26hPUwmdkwyXHeZBudVTvi0BQ=
github.com/chromedp/cdproto v0.0.0-20210713064928-7d28b402946a/go.mod h1:At5TxYYdxkbQL0TSefRjhLE3Q0lgvqKKMSFUglJ7i1U=
github.com/chromedp/cdproto v0.0.0-20211002082225-0242b9dca9f4 h1:5s+L1cvXzolXsfAChfBr6KmD86rJR5BTeJnz36vQCmo=
github.com/chromedp/cdproto v0.0.0-20211002082225-0242b9dca9f4/go.mod h1:At5TxYYdxkbQL0TSefRjhLE3Q0lgvqKKMSFUglJ7i1U=
github.com/chromedp/chromedp v0.7.4 h1:U+0d3WbB/Oj4mDuBOI0P7S3PJEued5UZIl5AJ3QulwU=
github.com/chromedp/chromedp v0.7.4/go.mod h1:dBj+SXuQHznp6ZPwZeDDEBZKwclUwDLbZ0hjMialMYs=
github.com/chromedp/sysutil v1.0.0 h1:+ZxhTpfpZlmchB58ih/LBHX52ky7w2VhQVKQMucy3Ic=
github.com/chromedp/sysutil v1.0.0/go.mod h1:kgWmDdq8fTzXYcKIBqIYvRRTnYb9aNS9moAV0xufSww=
github.com/felixge/httpsnoop v1.0.1 h1:lvB5Jl89CsZtGIWuTcDM1E/vkVs49/Ml7JJe07l8SPQ=
github.com/felixge/httpsnoop v1.0.1/go.mod h1:m8KPJKqk1gH5J9DgRY2ASl2lWCfGKXixSwevea8zH2U=
github.com/gobwas/httphead v0.1.0 h1:exrUm0f4YX0L7EBwZHuCF4GDp8aJfVeBrlLQrs6NqWU=
github.com/gobwas/httphead v0.1.0/go.mod h1:O/RXo79gxV8G+RqlR/otEwx4Q36zl9rqC5u12GKvMCM=
github.com/gobwas/pool v0.2.1 h1:xfeeEhW7pwmX8nuLVlqbzVc7udMDrwetjEv+TZIz1og=
github.com/gobwas/pool v0.2.1/go.mod h1:q8bcK0KcYlCgd9e7WYLm9LpyS+YeLd8JVDW6WezmKEw=
github.com/gobwas/ws v1.1.0 h1:7RFti/xnNkMJnrK7D1yQ/iCIB5OrrY/54/H930kIbHA=
github.com/gobwas/ws v1.1.0/go.mod h1:nzvNcVha5eUziGrbxFCo6qFIojQHjJV5cLYIbezhfL0=
github.com/golang-jwt/jwt v3.2.1+incompatible/go.mod h1:8pz2t5EyA70fFQQSrl6XZXzqecmYZeUEB8OUGHkxJ+I=
github.com/golang-jwt/jwt v3.2.2+incompatible h1:IfV12K8xAKAnZqdXVzCZ+TOjboZ2keLg81eXfW3O+oY=
github.com/golang-jwt/jwt v3.2.2+incompatible/go.mod h1:8pz2t5EyA70fFQQSrl6XZXzqecmYZeUEB8OUGHkxJ+I=
github.com/gorilla/handlers v1.5.1 h1:9lRY6j8DEeeBT10CvO9hGW0gmky0BprnvDI5vfhUHH4=
github.com/gorilla/handlers v1.5.1/go.mod h1:t8XrUpc4KVXb7HGyJ4/cEnwQiaxrX/hz1Zv/4g96P1Q=
github.com/gorilla/mux v1.8.0 h1:i40aqfkR1h2SlN9hojwV5ZA91wcXFOvkdNIeFDP5koI=
github.com/gorilla/mux v1.8.0/go.mod h1:DVbg23sWSpFRCP0SfiEN6jmj59UnW/n46BH5rLB71So=
github.com/josharian/intern v1.0.0 h1:vlS4z54oSdjm0bgjRigI+G1HpF+tI+9rE5LLzOg8HmY=
github.com/josharian/intern v1.0.0/go.mod h1:5DoeVV0s6jJacbCEi61lwdGj/aVlrQvzHFFd8Hwg//Y=
github.com/mailru/easyjson v0.7.7 h1:UGYAvKxe3sBsEDzO8ZeWOSlIQfWFlxbzLZe7hwFURr0=
github.com/mailru/easyjson v0.7.7/go.mod h1:xzfreul335JAWq5oZzymOObrkdz5UnU4kGfJJLY9Nlc=
github.com/mattn/go-sqlite3 v1.14.24 h1:tpSp2G2KyMnnQu99ngJ47EIkWVmliIizyZBfPrBWDRM=
github.com/mattn/go-sqlite3 v1.14.24/go.mod h1:Uh1q+B4BYcTPb+yiD3kU8Ct7aC0hY9fxUwlHK0RXw+Y=
github.com/nicklaw5/helix v1.25.0 h1:Mrz537izZVsGdM3I46uGAAlslj61frgkhS/9xQqyT/M=
github.com/nicklaw5/helix v1.25.0/go.mod h1:yvXZFapT6afIoxnAvlWiJiUMsYnoHl7tNs+t0bloAMw=
github.com/orisano/pixelmatch v0.0.0-20210112091706-4fa4c7ba91d5 h1:1SoBaSPudixRecmlHXb/GxmaD3fLMtHIDN13QujwQuc=
github.com/orisano/pixelmatch v0.0.0-20210112091706-4fa4c7ba91d5/go.mod h1:nZgzbfBr3hhjoZnS66nKrHmduYNpc34ny7RK4z5/HM0=
github.com/tdewolff/minify/v2 v2.21.2 h1:VfTvmGVtBYhMTlUAeHtXM7XOsW0JT/6uMwUPPqgUs9k=
github.com/tdewolff/minify/v2 v2.21.2/go.mod h1:Olje3eHdBnrMjINKffDsil/3NV98Iv7MhWf7556WQVg=
github.com/tdewolff/parse/v2 v2.7.19 h1:7Ljh26yj+gdLFEq/7q9LT4SYyKtwQX4ocNrj45UCePg=
github.com/tdewolff/parse/v2 v2.7.19/go.mod h1:3FbJWZp3XT9OWVN3Hmfp0p/a08v4h8J9W1aghka0soA=
github.com/tdewolff/test v1.0.11-0.20231101010635-f1265d231d52/go.mod h1:6DAvZliBAAnD7rhVgwaM7DE5/d9NMOAJ09SqYqeK4QE=
github.com/tdewolff/test v1.0.11-0.20240106005702-7de5f7df4739 h1:IkjBCtQOOjIn03u/dMQK9g+Iw9ewps4mCl1nB8Sscbo=
github.com/tdewolff/test v1.0.11-0.20240106005702-7de5f7df4739/go.mod h1:XPuWBzvdUzhCuxWO1ojpXsyzsA5bFoS3tO/Q3kFuTG8=
github.com/technoweenie/multipartstreamer v1.0.1 h1:XRztA5MXiR1TIRHxH2uNxXxaIkKQDeX7m2XsSOlQEnM=
github.com/technoweenie/multipartstreamer v1.0.1/go.mod h1:jNVxdtShOxzAsukZwTSw6MDx5eUJoiEBsSvzDU9uzog=
golang.org/x/image v0.18.0 h1:jGzIakQa/ZXI1I0Fxvaa9W7yP25TqT6cHIHn+6CqvSQ=
golang.org/x/image v0.18.0/go.mod h1:4yyo5vMFQjVjUcVk4jEQcU9MGy/rulF5WvUILseCM2E=
golang.org/x/sys v0.0.0-20201207223542-d4d67f95c62d/go.mod h1:h1NjWce9XRLGQEsW7wpKNCjG9DtNlClVuFLEZdDNbEs=
golang.org/x/sys v0.0.0-20210525143221-35b2ab0089ea/go.mod h1:oPkhp1MJrh7nUepCBck5+mAzfO9JrbApNNgaTdGDITg=
golang.org/x/sys v0.25.0 h1:r+8e+loiHxRqhXVl6ML1nO3l1+oFoWbnlu2Ehimmi34=
golang.org/x/sys v0.25.0/go.mod h1:/VUhepiaJMQUp4+oa/7Zr1D23ma6VTLIYjOOTFZPUcA=
gopkg.in/check.v1 v0.0.0-20161208181325-20d25e280405 h1:yhCVgyC4o1eVCa2tZl7eS0r+SDo693bJlVdllGtEeKM=
gopkg.in/check.v1 v0.0.0-20161208181325-20d25e280405/go.mod h1:Co6ibVJAznAaIkqp8huTwlJQCZ016jof/cbN4VW5Yz0=
gopkg.in/yaml.v3 v3.0.1 h1:fxVm/GzAzEWqLHuvctI91KS9hhNmmWOoWu0XTYJS7CA=
gopkg.in/yaml.v3 v3.0.1/go.mod h1:K4uyk7z7BCEPqu6E+C64Yfv1cQ7kz7rIZviUmN+EgEM=
