# THIS IS AN AUTOGENERATED FILE. DO NOT EDIT THIS FILE DIRECTLY.
# yarn lockfile v1


"@fortawesome/fontawesome-free@^5.15.2":
  version "5.15.2"
  resolved "https://registry.yarnpkg.com/@fortawesome/fontawesome-free/-/fontawesome-free-5.15.2.tgz#218cd7276ab4f9ab57cc3d2efa2697e6a579f25d"
  integrity sha512-7l/AX41m609L/EXI9EKH3Vs3v0iA8tKlIOGtw+kgcoanI7p+e4I4GYLqW3UXWiTnjSFymKSmTTPKYrivzbxxqA==

bootstrap@^5.1.0:
  version "5.1.0"
  resolved "https://registry.yarnpkg.com/bootstrap/-/bootstrap-5.1.0.tgz#543ef8f44f4b9af67b0230f19508542fec38ef55"
  integrity sha512-bs74WNI9BgBo3cEovmdMHikSKoXnDgA6VQjJ7TyTotU6L7d41ZyCEEelPwkYEzsG/Zjv3ie9IE3EMAje0W9Xew==
